
Microsoft Visual Studio Solution File, Format Version 12.00
# Visual Studio Version 16
VisualStudioVersion = 16.0.29905.134
MinimumVisualStudioVersion = 10.0.40219.1
Project("{9A19103F-16F7-4668-BE54-9A1E7A4F7556}") = "ZSpitz.Util", "ZSpitz.Util\ZSpitz.Util.csproj", "{C7F1AC2C-4D34-4A00-9A84-5F51CC377BCA}"
EndProject
Project("{9A19103F-16F7-4668-BE54-9A1E7A4F7556}") = "Tests", "Tests\Tests.csproj", "{6731AABA-6345-46C6-B8EB-5CB755FEB03A}"
EndProject
Project("{9A19103F-16F7-4668-BE54-9A1E7A4F7556}") = "ZSpitz.Util.Wpf", "ZSpitz.Util.Wpf\ZSpitz.Util.Wpf.csproj", "{9DC99973-C91F-4462-990C-437F19CD98A2}"
EndProject
Project("{9A19103F-16F7-4668-BE54-9A1E7A4F7556}") = "Tests.Wpf", "Tests.Wpf\Tests.Wpf.csproj", "{AB992E41-F954-4833-B488-BA2C50E1DB89}"
EndProject
Global
	GlobalSection(SolutionConfigurationPlatforms) = preSolution
		Debug|Any CPU = Debug|Any CPU
		Release|Any CPU = Release|Any CPU
	EndGlobalSection
	GlobalSection(ProjectConfigurationPlatforms) = postSolution
		{C7F1AC2C-4D34-4A00-9A84-5F51CC377BCA}.Debug|Any CPU.ActiveCfg = Debug|Any CPU
		{C7F1AC2C-4D34-4A00-9A84-5F51CC377BCA}.Debug|Any CPU.Build.0 = Debug|Any CPU
		{C7F1AC2C-4D34-4A00-9A84-5F51CC377BCA}.Release|Any CPU.ActiveCfg = Release|Any CPU
		{C7F1AC2C-4D34-4A00-9A84-5F51CC377BCA}.Release|Any CPU.Build.0 = Release|Any CPU
		{6731AABA-6345-46C6-B8EB-5CB755FEB03A}.Debug|Any CPU.ActiveCfg = Debug|Any CPU
		{6731AABA-6345-46C6-B8EB-5CB755FEB03A}.Debug|Any CPU.Build.0 = Debug|Any CPU
		{6731AABA-6345-46C6-B8EB-5CB755FEB03A}.Release|Any CPU.ActiveCfg = Release|Any CPU
		{6731AABA-6345-46C6-B8EB-5CB755FEB03A}.Release|Any CPU.Build.0 = Release|Any CPU
		{9DC99973-C91F-4462-990C-437F19CD98A2}.Debug|Any CPU.ActiveCfg = Debug|Any CPU
		{9DC99973-C91F-4462-990C-437F19CD98A2}.Debug|Any CPU.Build.0 = Debug|Any CPU
		{9DC99973-C91F-4462-990C-437F19CD98A2}.Release|Any CPU.ActiveCfg = Release|Any CPU
		{9DC99973-C91F-4462-990C-437F19CD98A2}.Release|Any CPU.Build.0 = Release|Any CPU
		{AB992E41-F954-4833-B488-BA2C50E1DB89}.Debug|Any CPU.ActiveCfg = Debug|Any CPU
		{AB992E41-F954-4833-B488-BA2C50E1DB89}.Debug|Any CPU.Build.0 = Debug|Any CPU
		{AB992E41-F954-4833-B488-BA2C50E1DB89}.Release|Any CPU.ActiveCfg = Release|Any CPU
		{AB992E41-F954-4833-B488-BA2C50E1DB89}.Release|Any CPU.Build.0 = Release|Any CPU
	EndGlobalSection
	GlobalSection(SolutionProperties) = preSolution
		HideSolutionNode = FALSE
	EndGlobalSection
	GlobalSection(ExtensibilityGlobals) = postSolution
		SolutionGuid = {E94DFF7A-A016-4AC4-A723-3CAECDA55810}
	EndGlobalSection
EndGlobal
